
Microsoft Visual Studio Solution File, Format Version 12.00
# Visual Studio Version 17
VisualStudioVersion = 17.6.33829.357
MinimumVisualStudioVersion = 10.0.40219.1
Project("{9A19103F-16F7-4668-BE54-9A1E7A4F7556}") = "Leetcode.Test", "src\Leetcode.Test\Leetcode.Test.csproj", "{41320B64-250C-45F0-9450-1E4FB977B73A}"
EndProject
Project("{FAE04EC0-301F-11D3-BF4B-00C04F79EFBC}") = "Leetcode", "src\Leetcode\Leetcode.csproj", "{09DE0C35-1F0E-4305-BEE7-DF4CD16D1CFF}"
EndProject
Global
	GlobalSection(SolutionConfigurationPlatforms) = preSolution
		Debug|Any CPU = Debug|Any CPU
		Release|Any CPU = Release|Any CPU
	EndGlobalSection
	GlobalSection(ProjectConfigurationPlatforms) = postSolution
		{41320B64-250C-45F0-9450-1E4FB977B73A}.Debug|Any CPU.ActiveCfg = Debug|Any CPU
		{41320B64-250C-45F0-9450-1E4FB977B73A}.Debug|Any CPU.Build.0 = Debug|Any CPU
		{41320B64-250C-45F0-9450-1E4FB977B73A}.Release|Any CPU.ActiveCfg = Release|Any CPU
		{41320B64-250C-45F0-9450-1E4FB977B73A}.Release|Any CPU.Build.0 = Release|Any CPU
		{09DE0C35-1F0E-4305-BEE7-DF4CD16D1CFF}.Debug|Any CPU.ActiveCfg = Debug|Any CPU
		{09DE0C35-1F0E-4305-BEE7-DF4CD16D1CFF}.Debug|Any CPU.Build.0 = Debug|Any CPU
		{09DE0C35-1F0E-4305-BEE7-DF4CD16D1CFF}.Release|Any CPU.ActiveCfg = Release|Any CPU
		{09DE0C35-1F0E-4305-BEE7-DF4CD16D1CFF}.Release|Any CPU.Build.0 = Release|Any CPU
	EndGlobalSection
	GlobalSection(SolutionProperties) = preSolution
		HideSolutionNode = FALSE
	EndGlobalSection
	GlobalSection(ExtensibilityGlobals) = postSolution
		SolutionGuid = {AD29EFE8-5C77-4BDD-91A2-D1D1C654055C}
	EndGlobalSection
EndGlobal
